{
  "version": "5",
  "specifiers": {
    "jsr:@libs/logger@^3.1.10": "3.1.10",
    "jsr:@std/assert@1": "1.0.19",
    "jsr:@std/dotenv@*": "0.225.6",
    "jsr:@std/dotenv@~0.225.3": "0.225.6",
    "jsr:@std/fmt@^1.0.9": "1.0.9",
    "jsr:@std/internal@^1.0.12": "1.0.12",
    "npm:@hey-api/openapi-ts@*": "0.94.5_typescript@6.0.3",
    "npm:@hey-api/openapi-ts@0.94.5": "0.94.5_typescript@6.0.3",
    "npm:@orpc/openapi@^1.14.2": "1.14.2",
    "npm:@orpc/server@1.14.2": "1.14.2",
    "npm:@orpc/server@^1.14.2": "1.14.2",
    "npm:@orpc/zod@1.14.2": "1.14.2_@orpc+contract@1.14.2_@orpc+server@1.14.2_zod@4.4.3",
    "npm:@orpc/zod@^1.14.2": "1.14.2_@orpc+contract@1.14.2_@orpc+server@1.14.2_zod@4.4.3",
    "npm:better-result@*": "2.9.2",
    "npm:eventemitter3@^5.0.4": "5.0.4",
    "npm:hono@^4.12.18": "4.12.18",
    "npm:p-queue@^8.1.0": "8.1.1",
    "npm:playwright@*": "1.59.1",
    "npm:playwright@^1.59.1": "1.59.1",
    "npm:zod@^4.4.3": "4.4.3"
  },
  "jsr": {
    "@libs/logger@3.1.10": {
      "integrity": "7baec1111af449b2afb4358649a3e66189d2508c5b9a6d0ea001c2a5cfe288cb",
      "dependencies": [
        "jsr:@std/fmt"
      ]
    },
    "@std/assert@1.0.19": {
      "integrity": "eaada96ee120cb980bc47e040f82814d786fe8162ecc53c91d8df60b8755991e",
      "dependencies": [
        "jsr:@std/internal"
      ]
    },
    "@std/dotenv@0.225.6": {
      "integrity": "1d6f9db72f565bd26790fa034c26e45ecb260b5245417be76c2279e5734c421b"
    },
    "@std/fmt@1.0.9": {
      "integrity": "2487343e8899fb2be5d0e3d35013e54477ada198854e52dd05ed0422eddcabe0"
    },
    "@std/internal@1.0.12": {
      "integrity": "972a634fd5bc34b242024402972cd5143eac68d8dffaca5eaa4dba30ce17b027"
    }
  },
  "npm": {
    "@hey-api/codegen-core@0.7.4": {
      "integrity": "sha512-DGd9yeSQzflOWO3Y5mt1GRXkXH9O/yIMgbxPjwLI3jwu/3nAjoXXD26lEeFb6tclYlg0JAqTIs5d930G/qxHeA==",
      "dependencies": [
        "@hey-api/types",
        "ansi-colors",
        "c12",
        "color-support"
      ]
    },
    "@hey-api/json-schema-ref-parser@1.3.1": {
      "integrity": "sha512-7atnpUkT8TyUPHYPLk91j/GyaqMuwTEHanLOe50Dlx0EEvNuQqFD52Yjg8x4KU0UFL1mWlyhE+sUE/wAtQ1N2A==",
      "dependencies": [
        "@jsdevtools/ono",
        "@types/json-schema",
        "js-yaml"
      ]
    },
    "@hey-api/openapi-ts@0.94.5_typescript@6.0.3": {
      "integrity": "sha512-fCR/kIexbDarnt/WGKvjJb4K30JaFzO2F/528kHpyWT7vopPS0JeqtRQMjJg+Gk09N/05nbv1OaFOQXcy0BiVQ==",
      "dependencies": [
        "@hey-api/codegen-core",
        "@hey-api/json-schema-ref-parser",
        "@hey-api/shared",
        "@hey-api/spec-types",
        "@hey-api/types",
        "ansi-colors",
        "color-support",
        "commander",
        "get-tsconfig",
        "typescript"
      ],
      "bin": true
    },
    "@hey-api/shared@0.2.6": {
      "integrity": "sha512-ZZrsWbazJcJO688tJVEBeei03B4miPI7OauW+qLMYP/9KL6NadmA5MjqsIIwgfvb0HKMAR7lt4AINKzv0Zwdgw==",
      "dependencies": [
        "@hey-api/codegen-core",
        "@hey-api/json-schema-ref-parser",
        "@hey-api/spec-types",
        "@hey-api/types",
        "ansi-colors",
        "cross-spawn",
        "open",
        "semver"
      ]
    },
    "@hey-api/spec-types@0.1.0": {
      "integrity": "sha512-StS4RrAO5pyJCBwe6uF9MAuPflkztriW+FPnVb7oEjzDYv1sxPwP+f7fL6u6D+UVrKpZ/9bPNx/xXVdkeWPU6A==",
      "dependencies": [
        "@hey-api/types"
      ]
    },
    "@hey-api/types@0.1.4": {
      "integrity": "sha512-thWfawrDIP7wSI9ioT13I5soaaqB5vAPIiZmgD8PbeEVKNrkonc0N/Sjj97ezl7oQgusZmaNphGdMKipPO6IBg=="
    },
    "@jsdevtools/ono@7.1.3": {
      "integrity": "sha512-4JQNk+3mVzK3xh2rqd6RB4J46qUR19azEHBneZyTZM+c456qOrbbM/5xcR8huNCCcbVt7+UmizG6GuUvPvKUYg=="
    },
    "@orpc/client@1.14.2": {
      "integrity": "sha512-/tFAua/w/mao2kQtJqjoCYEojHrKMisxOCK8qtkMKOUcXVxWMl+QWhP/MykjzFgkFdO9mzKOu1h7vJvpH73EBA==",
      "dependencies": [
        "@orpc/shared",
        "@orpc/standard-server",
        "@orpc/standard-server-fetch",
        "@orpc/standard-server-peer"
      ]
    },
    "@orpc/contract@1.14.2": {
      "integrity": "sha512-51XFgfUYOfX7thwb8ww2EE0YHJDveW9HQNt7TN6sQMb3Bjx54h9r7vdfPJjUOJP3J4Ri2tOVstOsZ3CWUjbi5A==",
      "dependencies": [
        "@orpc/client",
        "@orpc/shared",
        "@standard-schema/spec",
        "openapi-types"
      ]
    },
    "@orpc/interop@1.14.2": {
      "integrity": "sha512-FkrXlR0vmhx5D0t5WA6YN7XyC1WwjGGmkaaShVUGdnFu6m0bl4v3vZZWIMcPy5fG/6wF7KCTEGx0B6+kMmLWiQ=="
    },
    "@orpc/json-schema@1.14.2": {
      "integrity": "sha512-CpK8+evqU1j685f5M2UUO+tsm0HFKeykTQNTtq0WGMyFy7PPVOGYbJxZSorLJmWDfEw8ImPP2bj3wXEEOJsgag==",
      "dependencies": [
        "@orpc/contract",
        "@orpc/interop",
        "@orpc/openapi",
        "@orpc/server",
        "@orpc/shared",
        "json-schema-typed"
      ]
    },
    "@orpc/openapi-client@1.14.2": {
      "integrity": "sha512-KIXSVuGYh3JvO0lxUUztuMkEj6FV5C96QivR+H/HvqfFidC3hEH0nqi0vEWmUzlbzH3jbCaJV8KKV41HKnUNYw==",
      "dependencies": [
        "@orpc/client",
        "@orpc/contract",
        "@orpc/shared",
        "@orpc/standard-server"
      ]
    },
    "@orpc/openapi@1.14.2": {
      "integrity": "sha512-Xuy8auE1KubDjZGc5mvntSfaHy03p0tjDfEkx7k/S4SSJi0o4Rn+HYgCltgYznKwuyMnljl/0gShf99bo77lFg==",
      "dependencies": [
        "@orpc/client",
        "@orpc/contract",
        "@orpc/interop",
        "@orpc/openapi-client",
        "@orpc/server",
        "@orpc/shared",
        "@orpc/standard-server",
        "json-schema-typed",
        "rou3"
      ]
    },
    "@orpc/server@1.14.2": {
      "integrity": "sha512-+MkYqqI1CmR/eWsktpAxN4+Dd1rbDGO3xh9ZQae/V4zID5uz7smUnsIJL97GRDIZkwRUYlC8TDLLPAkxij22Iw==",
      "dependencies": [
        "@orpc/client",
        "@orpc/contract",
        "@orpc/interop",
        "@orpc/shared",
        "@orpc/standard-server",
        "@orpc/standard-server-aws-lambda",
        "@orpc/standard-server-fastify",
        "@orpc/standard-server-fetch",
        "@orpc/standard-server-node",
        "@orpc/standard-server-peer",
        "cookie"
      ]
    },
    "@orpc/shared@1.14.2": {
      "integrity": "sha512-5YtbVz4yGbJgcyj7CmEv5FAy4xagCS/hP/MMAlHpJKBSlMHuD7FrDO4LQLFUmSkcBcbLhzX8Ll1ziUw3vtPasw==",
      "dependencies": [
        "radash",
        "type-fest"
      ]
    },
    "@orpc/standard-server-aws-lambda@1.14.2": {
      "integrity": "sha512-/aPEC+WTQMHxmX8NauolIyzTRic96vPM17py3oe7LEaCyP/McyKUVrUsKu4He4zkEFrj3ErwVeOCkm19VvtIMQ==",
      "dependencies": [
        "@orpc/shared",
        "@orpc/standard-server",
        "@orpc/standard-server-fetch",
        "@orpc/standard-server-node"
      ]
    },
    "@orpc/standard-server-fastify@1.14.2": {
      "integrity": "sha512-qmbNZKU+JdNKqaKHwUBCytx0G1RKYbfBwA5Cqf+S6Y+4InpwEdbcRSMgRnN+VH40lRPQAg1RO0AmH3NtvQ4yNw==",
      "dependencies": [
        "@orpc/shared",
        "@orpc/standard-server",
        "@orpc/standard-server-node"
      ]
    },
    "@orpc/standard-server-fetch@1.14.2": {
      "integrity": "sha512-FPXhHfGPA2Hcb3GBd6YjsbMbgcvb3XJ5aFr6TXmlpS8Qgek4fDM7nK1nZ+GoA5OitsL6B7Z9WoIbu39IiG1FcA==",
      "dependencies": [
        "@orpc/shared",
        "@orpc/standard-server"
      ]
    },
    "@orpc/standard-server-node@1.14.2": {
      "integrity": "sha512-9b/ffVIo8ZN6xk8hMxFvRxpaNmNMulPH9elaXkOwOdmH8TJnqAK79sKOSbDbmFx+wI0QPyjXOaqGpU9ie7J4uw==",
      "dependencies": [
        "@orpc/shared",
        "@orpc/standard-server",
        "@orpc/standard-server-fetch"
      ]
    },
    "@orpc/standard-server-peer@1.14.2": {
      "integrity": "sha512-uzbgGaxvlZ0IA2lasaLck+yrbR3bKoqJnsZehEdbSm6eWaKln4COvxQJ2PuPow3gA6tklNnGkTfmRmGIHvS/rg==",
      "dependencies": [
        "@orpc/shared",
        "@orpc/standard-server"
      ]
    },
    "@orpc/standard-server@1.14.2": {
      "integrity": "sha512-XHySJICwDsJf211gcxtJBpzB1ldZrSHDW2mqbBQg+I2AewvTqWiqeGZV+SPvmq87q4IfBzncSuwMrRKplUJhsw==",
      "dependencies": [
        "@orpc/shared"
      ]
    },
    "@orpc/zod@1.14.2_@orpc+contract@1.14.2_@orpc+server@1.14.2_zod@4.4.3": {
      "integrity": "sha512-47FBoaAz5GfHSdtD/ZNmTjorLD9SiD+I008UH2+DKehC4HMh8V1SbsMWCanUOkh1IFPZ1kzKaOOT+g0OAIOUWA==",
      "dependencies": [
        "@orpc/contract",
        "@orpc/json-schema",
        "@orpc/openapi",
        "@orpc/server",
        "@orpc/shared",
        "escape-string-regexp",
        "wildcard-match",
        "zod"
      ]
    },
    "@standard-schema/spec@1.1.0": {
      "integrity": "sha512-l2aFy5jALhniG5HgqrD6jXLi/rUWrKvqN/qJx6yoJsgKhblVd+iqqU4RCXavm/jPityDo5TCvKMnpjKnOriy0w=="
    },
    "@types/json-schema@7.0.15": {
      "integrity": "sha512-5+fP8P8MFNC+AyZCDxrB2pkZFPGzqQWUzpSeuuVLvm8VMcorNYavBqoFcxK8bQz4Qsbn4oUEEem4wDLfcysGHA=="
    },
    "ansi-colors@4.1.3": {
      "integrity": "sha512-/6w/C21Pm1A7aZitlI5Ni/2J6FFQN8i1Cvz3kHABAAbw93v/NlvKdVOqz7CCWz/3iv/JplRSEEZ83XION15ovw=="
    },
    "argparse@2.0.1": {
      "integrity": "sha512-8+9WqebbFzpX9OR+Wa6O29asIogeRMzcGtAINdpMHHyAg10f05aSFVBbcEqGf/PXw1EjAZ+q2/bEBg3DvurK3Q=="
    },
    "better-result@2.9.2": {
      "integrity": "sha512-WIFoBPCdnTOdk9inkE1ZRvCZ4P0CpSkAiLlchC65N7n9DcjZ3NhqkBOlafzpOVnO8ixyi37kicmSJ3ENhPZl7Q=="
    },
    "bundle-name@4.1.0": {
      "integrity": "sha512-tjwM5exMg6BGRI+kNmTntNsvdZS1X8BFYS6tnJ2hdH0kVxM6/eVZ2xy+FqStSWvYmtfFMDLIxurorHwDKfDz5Q==",
      "dependencies": [
        "run-applescript"
      ]
    },
    "c12@3.3.3": {
      "integrity": "sha512-750hTRvgBy5kcMNPdh95Qo+XUBeGo8C7nsKSmedDmaQI+E0r82DwHeM6vBewDe4rGFbnxoa4V9pw+sPh5+Iz8Q==",
      "dependencies": [
        "chokidar",
        "confbox",
        "defu",
        "dotenv",
        "exsolve",
        "giget",
        "jiti",
        "ohash",
        "pathe",
        "perfect-debounce",
        "pkg-types",
        "rc9"
      ]
    },
    "chokidar@5.0.0": {
      "integrity": "sha512-TQMmc3w+5AxjpL8iIiwebF73dRDF4fBIieAqGn9RGCWaEVwQ6Fb2cGe31Yns0RRIzii5goJ1Y7xbMwo1TxMplw==",
      "dependencies": [
        "readdirp"
      ]
    },
    "citty@0.1.6": {
      "integrity": "sha512-tskPPKEs8D2KPafUypv2gxwJP8h/OaJmC82QQGGDQcHvXX43xF2VDACcJVmZ0EuSxkpO9Kc4MlrA3q0+FG58AQ==",
      "dependencies": [
        "consola"
      ]
    },
    "citty@0.2.2": {
      "integrity": "sha512-+6vJA3L98yv+IdfKGZHBNiGW5KHn22e/JwID0Strsz8h4S/csAu/OuICwxrg44k5MRiZHWIo8XXuJgQTriRP4w=="
    },
    "color-support@1.1.3": {
      "integrity": "sha512-qiBjkpbMLO/HL68y+lh4q0/O1MZFj2RX6X/KmMa3+gJD3z+WwI1ZzDHysvqHGS3mP6mznPckpXmw1nI9cJjyRg==",
      "bin": true
    },
    "commander@14.0.3": {
      "integrity": "sha512-H+y0Jo/T1RZ9qPP4Eh1pkcQcLRglraJaSLoyOtHxu6AapkjWVCy2Sit1QQ4x3Dng8qDlSsZEet7g5Pq06MvTgw=="
    },
    "confbox@0.2.4": {
      "integrity": "sha512-ysOGlgTFbN2/Y6Cg3Iye8YKulHw+R2fNXHrgSmXISQdMnomY6eNDprVdW9R5xBguEqI954+S6709UyiO7B+6OQ=="
    },
    "consola@3.4.2": {
      "integrity": "sha512-5IKcdX0nnYavi6G7TtOhwkYzyjfJlatbjMjuLSfE2kYT5pMDOilZ4OvMhi637CcDICTmz3wARPoyhqyX1Y+XvA=="
    },
    "cookie@1.1.1": {
      "integrity": "sha512-ei8Aos7ja0weRpFzJnEA9UHJ/7XQmqglbRwnf2ATjcB9Wq874VKH9kfjjirM6UhU2/E5fFYadylyhFldcqSidQ=="
    },
    "cross-spawn@7.0.6": {
      "integrity": "sha512-uV2QOWP2nWzsy2aMp8aRibhi9dlzF5Hgh5SHaB9OiTGEyDTiJJyx0uy51QXdyWbtAHNua4XJzUKca3OzKUd3vA==",
      "dependencies": [
        "path-key",
        "shebang-command",
        "which"
      ]
    },
    "default-browser-id@5.0.1": {
      "integrity": "sha512-x1VCxdX4t+8wVfd1so/9w+vQ4vx7lKd2Qp5tDRutErwmR85OgmfX7RlLRMWafRMY7hbEiXIbudNrjOAPa/hL8Q=="
    },
    "default-browser@5.5.0": {
      "integrity": "sha512-H9LMLr5zwIbSxrmvikGuI/5KGhZ8E2zH3stkMgM5LpOWDutGM2JZaj460Udnf1a+946zc7YBgrqEWwbk7zHvGw==",
      "dependencies": [
        "bundle-name",
        "default-browser-id"
      ]
    },
    "define-lazy-prop@3.0.0": {
      "integrity": "sha512-N+MeXYoqr3pOgn8xfyRPREN7gHakLYjhsHhWGT3fWAiL4IkAt0iDw14QiiEm2bE30c5XX5q0FtAA3CK5f9/BUg=="
    },
    "defu@6.1.7": {
      "integrity": "sha512-7z22QmUWiQ/2d0KkdYmANbRUVABpZ9SNYyH5vx6PZ+nE5bcC0l7uFvEfHlyld/HcGBFTL536ClDt3DEcSlEJAQ=="
    },
    "destr@2.0.5": {
      "integrity": "sha512-ugFTXCtDZunbzasqBxrK93Ik/DRYsO6S/fedkWEMKqt04xZ4csmnmwGDBAb07QWNaGMAmnTIemsYZCksjATwsA=="
    },
    "dotenv@17.4.2": {
      "integrity": "sha512-nI4U3TottKAcAD9LLud4Cb7b2QztQMUEfHbvhTH09bqXTxnSie8WnjPALV/WMCrJZ6UV/qHJ6L03OqO3LcdYZw=="
    },
    "escape-string-regexp@5.0.0": {
      "integrity": "sha512-/veY75JbMK4j1yjvuUxuVsiS/hr/4iHs9FTT6cgTexxdE0Ly/glccBAkloH/DofkjRbZU3bnoj38mOmhkZ0lHw=="
    },
    "eventemitter3@5.0.4": {
      "integrity": "sha512-mlsTRyGaPBjPedk6Bvw+aqbsXDtoAyAzm5MO7JgU+yVRyMQ5O8bD4Kcci7BS85f93veegeCPkL8R4GLClnjLFw=="
    },
    "exsolve@1.0.8": {
      "integrity": "sha512-LmDxfWXwcTArk8fUEnOfSZpHOJ6zOMUJKOtFLFqJLoKJetuQG874Uc7/Kki7zFLzYybmZhp1M7+98pfMqeX8yA=="
    },
    "fsevents@2.3.2": {
      "integrity": "sha512-xiqMQR4xAeHTuB9uWm+fFRcIOgKBMiOBP+eXiyT7jsgVCq1bkVygt00oASowB7EdtpOHaaPgKt812P9ab+DDKA==",
      "os": ["darwin"],
      "scripts": true
    },
    "get-tsconfig@4.13.6": {
      "integrity": "sha512-shZT/QMiSHc/YBLxxOkMtgSid5HFoauqCE3/exfsEcwg1WkeqjG+V40yBbBrsD+jW2HDXcs28xOfcbm2jI8Ddw==",
      "dependencies": [
        "resolve-pkg-maps"
      ]
    },
    "giget@2.0.0": {
      "integrity": "sha512-L5bGsVkxJbJgdnwyuheIunkGatUF/zssUoxxjACCseZYAVbaqdh9Tsmmlkl8vYan09H7sbvKt4pS8GqKLBrEzA==",
      "dependencies": [
        "citty@0.1.6",
        "consola",
        "defu",
        "node-fetch-native",
        "nypm",
        "pathe"
      ],
      "bin": true
    },
    "hono@4.12.18": {
      "integrity": "sha512-RWzP96k/yv0PQfyXnWjs6zot20TqfpfsNXhOnev8d1InAxubW93L11/oNUc3tQqn2G0bSdAOBpX+2uDFHV7kdQ=="
    },
    "is-docker@3.0.0": {
      "integrity": "sha512-eljcgEDlEns/7AXFosB5K/2nCM4P7FQPkGc/DWLy5rmFEWvZayGrik1d9/QIY5nJ4f9YsVvBkA6kJpHn9rISdQ==",
      "bin": true
    },
    "is-in-ssh@1.0.0": {
      "integrity": "sha512-jYa6Q9rH90kR1vKB6NM7qqd1mge3Fx4Dhw5TVlK1MUBqhEOuCagrEHMevNuCcbECmXZ0ThXkRm+Ymr51HwEPAw=="
    },
    "is-inside-container@1.0.0": {
      "integrity": "sha512-KIYLCCJghfHZxqjYBE7rEy0OBuTd5xCHS7tHVgvCLkx7StIoaxwNW3hCALgEUjFfeRk+MG/Qxmp/vtETEF3tRA==",
      "dependencies": [
        "is-docker"
      ],
      "bin": true
    },
    "is-wsl@3.1.1": {
      "integrity": "sha512-e6rvdUCiQCAuumZslxRJWR/Doq4VpPR82kqclvcS0efgt430SlGIk05vdCN58+VrzgtIcfNODjozVielycD4Sw==",
      "dependencies": [
        "is-inside-container"
      ]
    },
    "isexe@2.0.0": {
      "integrity": "sha512-RHxMLp9lnKHGHRng9QFhRCMbYAcVpn69smSGcq3f36xjgVVWThj4qqLbTLlq7Ssj8B+fIQ1EuCEGI2lKsyQeIw=="
    },
    "jiti@2.7.0": {
      "integrity": "sha512-AC/7JofJvZGrrneWNaEnJeOLUx+JlGt7tNa0wZiRPT4MY1wmfKjt2+6O2p2uz2+skll8OZZmJMNqeke7kKbNgQ==",
      "bin": true
    },
    "js-yaml@4.1.1": {
      "integrity": "sha512-qQKT4zQxXl8lLwBtHMWwaTcGfFOZviOJet3Oy/xmGk2gZH677CJM9EvtfdSkgWcATZhj/55JZ0rmy3myCT5lsA==",
      "dependencies": [
        "argparse"
      ],
      "bin": true
    },
    "json-schema-typed@8.0.2": {
      "integrity": "sha512-fQhoXdcvc3V28x7C7BMs4P5+kNlgUURe2jmUT1T//oBRMDrqy1QPelJimwZGo7Hg9VPV3EQV5Bnq4hbFy2vetA=="
    },
    "node-fetch-native@1.6.7": {
      "integrity": "sha512-g9yhqoedzIUm0nTnTqAQvueMPVOuIY16bqgAJJC8XOOubYFNwz6IER9qs0Gq2Xd0+CecCKFjtdDTMA4u4xG06Q=="
    },
    "nypm@0.6.6": {
      "integrity": "sha512-vRyr0r4cbBapw07Xw8xrj9Teq3o7MUD35rSaTcanDbW+aK2XHDgJFiU6ZTj2GBw7Q12ysdsyFss+Vdz4hQ0Y6Q==",
      "dependencies": [
        "citty@0.2.2",
        "pathe",
        "tinyexec"
      ],
      "bin": true
    },
    "ohash@2.0.11": {
      "integrity": "sha512-RdR9FQrFwNBNXAr4GixM8YaRZRJ5PUWbKYbE5eOsrwAjJW0q2REGcf79oYPsLyskQCZG1PLN+S/K1V00joZAoQ=="
    },
    "open@11.0.0": {
      "integrity": "sha512-smsWv2LzFjP03xmvFoJ331ss6h+jixfA4UUV/Bsiyuu4YJPfN+FIQGOIiv4w9/+MoHkfkJ22UIaQWRVFRfH6Vw==",
      "dependencies": [
        "default-browser",
        "define-lazy-prop",
        "is-in-ssh",
        "is-inside-container",
        "powershell-utils",
        "wsl-utils"
      ]
    },
    "openapi-types@12.1.3": {
      "integrity": "sha512-N4YtSYJqghVu4iek2ZUvcN/0aqH1kRDuNqzcycDxhOUpg7GdvLa2F3DgS6yBNhInhv2r/6I0Flkn7CqL8+nIcw=="
    },
    "p-queue@8.1.1": {
      "integrity": "sha512-aNZ+VfjobsWryoiPnEApGGmf5WmNsCo9xu8dfaYamG5qaLP7ClhLN6NgsFe6SwJ2UbLEBK5dv9x8Mn5+RVhMWQ==",
      "dependencies": [
        "eventemitter3",
        "p-timeout"
      ]
    },
    "p-timeout@6.1.4": {
      "integrity": "sha512-MyIV3ZA/PmyBN/ud8vV9XzwTrNtR4jFrObymZYnZqMmW0zA8Z17vnT0rBgFE/TlohB+YCHqXMgZzb3Csp49vqg=="
    },
    "path-key@3.1.1": {
      "integrity": "sha512-ojmeN0qd+y0jszEtoY48r0Peq5dwMEkIlCOu6Q5f41lfkswXuKtYrhgoTpLnyIcHm24Uhqx+5Tqm2InSwLhE6Q=="
    },
    "pathe@2.0.3": {
      "integrity": "sha512-WUjGcAqP1gQacoQe+OBJsFA7Ld4DyXuUIjZ5cc75cLHvJ7dtNsTugphxIADwspS+AraAUePCKrSVtPLFj/F88w=="
    },
    "perfect-debounce@2.1.0": {
      "integrity": "sha512-LjgdTytVFXeUgtHZr9WYViYSM/g8MkcTPYDlPa3cDqMirHjKiSZPYd6DoL7pK8AJQr+uWkQvCjHNdiMqsrJs+g=="
    },
    "pkg-types@2.3.1": {
      "integrity": "sha512-y+ichcgc2LrADuhLNAx8DFjVfgz91pRxfZdI3UDhxHvcVEZsenLO+7XaU5vOp0u/7V/wZ+plyuQxtrDlZJ+yeg==",
      "dependencies": [
        "confbox",
        "exsolve",
        "pathe"
      ]
    },
    "playwright-core@1.59.1": {
      "integrity": "sha512-HBV/RJg81z5BiiZ9yPzIiClYV/QMsDCKUyogwH9p3MCP6IYjUFu/MActgYAvK0oWyV9NlwM3GLBjADyWgydVyg==",
      "bin": true
    },
    "playwright@1.59.1": {
      "integrity": "sha512-C8oWjPR3F81yljW9o5OxcWzfh6avkVwDD2VYdwIGqTkl+OGFISgypqzfu7dOe4QNLL2aqcWBmI3PMtLIK233lw==",
      "dependencies": [
        "playwright-core"
      ],
      "optionalDependencies": [
        "fsevents"
      ],
      "bin": true
    },
    "powershell-utils@0.1.0": {
      "integrity": "sha512-dM0jVuXJPsDN6DvRpea484tCUaMiXWjuCn++HGTqUWzGDjv5tZkEZldAJ/UMlqRYGFrD/etByo4/xOuC/snX2A=="
    },
    "radash@12.1.1": {
      "integrity": "sha512-h36JMxKRqrAxVD8201FrCpyeNuUY9Y5zZwujr20fFO77tpUtGa6EZzfKw/3WaiBX95fq7+MpsuMLNdSnORAwSA=="
    },
    "rc9@2.1.2": {
      "integrity": "sha512-btXCnMmRIBINM2LDZoEmOogIZU7Qe7zn4BpomSKZ/ykbLObuBdvG+mFq11DL6fjH1DRwHhrlgtYWG96bJiC7Cg==",
      "dependencies": [
        "defu",
        "destr"
      ]
    },
    "readdirp@5.0.0": {
      "integrity": "sha512-9u/XQ1pvrQtYyMpZe7DXKv2p5CNvyVwzUB6uhLAnQwHMSgKMBR62lc7AHljaeteeHXn11XTAaLLUVZYVZyuRBQ=="
    },
    "resolve-pkg-maps@1.0.0": {
      "integrity": "sha512-seS2Tj26TBVOC2NIc2rOe2y2ZO7efxITtLZcGSOnHHNOQ7CkiUBfw0Iw2ck6xkIhPwLhKNLS8BO+hEpngQlqzw=="
    },
    "rou3@0.7.12": {
      "integrity": "sha512-iFE4hLDuloSWcD7mjdCDhx2bKcIsYbtOTpfH5MHHLSKMOUyjqQXTeZVa289uuwEGEKFoE/BAPbhaU4B774nceg=="
    },
    "run-applescript@7.1.0": {
      "integrity": "sha512-DPe5pVFaAsinSaV6QjQ6gdiedWDcRCbUuiQfQa2wmWV7+xC9bGulGI8+TdRmoFkAPaBXk8CrAbnlY2ISniJ47Q=="
    },
    "semver@7.7.3": {
      "integrity": "sha512-SdsKMrI9TdgjdweUSR9MweHA4EJ8YxHn8DFaDisvhVlUOe4BF1tLD7GAj0lIqWVl+dPb/rExr0Btby5loQm20Q==",
      "bin": true
    },
    "shebang-command@2.0.0": {
      "integrity": "sha512-kHxr2zZpYtdmrN1qDjrrX/Z1rR1kG8Dx+gkpK1G4eXmvXswmcE1hTWBWYUzlraYw1/yZp6YuDY77YtvbN0dmDA==",
      "dependencies": [
        "shebang-regex"
      ]
    },
    "shebang-regex@3.0.0": {
      "integrity": "sha512-7++dFhtcx3353uBaq8DDR4NuxBetBzC7ZQOhmTQInHEd6bSrXdiEyzCvG07Z44UYdLShWUyXt5M/yhz8ekcb1A=="
    },
    "tagged-tag@1.0.0": {
      "integrity": "sha512-yEFYrVhod+hdNyx7g5Bnkkb0G6si8HJurOoOEgC8B/O0uXLHlaey/65KRv6cuWBNhBgHKAROVpc7QyYqE5gFng=="
    },
    "tinyexec@1.2.4": {
      "integrity": "sha512-SHf/r48b7vOrjve9PxJo3MN5v5yuyjHvdUcrQffT3WXMUfnGmHDVbC4k3sHJaJTgZCwpUplIaAo5ANtMyp3YHg=="
    },
    "type-fest@5.6.0": {
      "integrity": "sha512-8ZiHFm91orbSAe2PSAiSVBVko18pbhbiB3U9GglSzF/zCGkR+rxpHx6sEMCUm4kxY4LjDIUGgCfUMtwfZfjfUA==",
      "dependencies": [
        "tagged-tag"
      ]
    },
    "typescript@6.0.3": {
      "integrity": "sha512-y2TvuxSZPDyQakkFRPZHKFm+KKVqIisdg9/CZwm9ftvKXLP8NRWj38/ODjNbr43SsoXqNuAisEf1GdCxqWcdBw==",
      "bin": true
    },
    "which@2.0.2": {
      "integrity": "sha512-BLI3Tl1TW3Pvl70l3yq3Y64i+awpwXqsGBYWkkqMtnbXgrMD+yj7rhW0kuEDxzJaYXGjEW5ogapKNMEKNMjibA==",
      "dependencies": [
        "isexe"
      ],
      "bin": true
    },
    "wildcard-match@5.1.4": {
      "integrity": "sha512-wldeCaczs8XXq7hj+5d/F38JE2r7EXgb6WQDM84RVwxy81T/sxB5e9+uZLK9Q9oNz1mlvjut+QtvgaOQFPVq/g=="
    },
    "wsl-utils@0.3.1": {
      "integrity": "sha512-g/eziiSUNBSsdDJtCLB8bdYEUMj4jR7AGeUo96p/3dTafgjHhpF4RiCFPiRILwjQoDXx5MqkBr4fwWtR3Ky4Wg==",
      "dependencies": [
        "is-wsl",
        "powershell-utils"
      ]
    },
    "zod@4.4.3": {
      "integrity": "sha512-ytENFjIJFl2UwYglde2jchW2Hwm4GJFLDiSXWdTrJQBIN9Fcyp7n4DhxJEiWNAJMV1/BqWfW/kkg71UDcHJyTQ=="
    }
  },
  "workspace": {
    "dependencies": [
      "jsr:@libs/logger@^3.1.10",
      "jsr:@std/assert@1",
      "jsr:@std/dotenv@~0.225.3",
      "npm:@hey-api/openapi-ts@0.94.5",
      "npm:@orpc/openapi@^1.14.2",
      "npm:@orpc/server@^1.14.2",
      "npm:@orpc/zod@^1.14.2",
      "npm:better-result@*",
      "npm:eventemitter3@^5.0.4",
      "npm:hono@^4.12.18",
      "npm:p-queue@^8.1.0",
      "npm:playwright@^1.59.1",
      "npm:zod@^4.4.3"
    ]
  }
}
